
Microsoft Visual Studio Solution File, Format Version 12.00
# Visual Studio 15
VisualStudioVersion = 15.0.26124.0
MinimumVisualStudioVersion = 15.0.26124.0
Project("{F2A71F9B-5D33-465A-A702-920D77279786}") = "Library", "Library\Library.fsproj", "{15DDD0BC-C118-4CF0-8629-7247DAF76EF0}"
EndProject
Project("{F2A71F9B-5D33-465A-A702-920D77279786}") = "Library.Tests", "Library.Tests\Library.Tests.fsproj", "{70E04A8D-2EEE-47C6-929C-BC28E92A744C}"
EndProject
Global
	GlobalSection(SolutionConfigurationPlatforms) = preSolution
		Debug|Any CPU = Debug|Any CPU
		Debug|x64 = Debug|x64
		Debug|x86 = Debug|x86
		Release|Any CPU = Release|Any CPU
		Release|x64 = Release|x64
		Release|x86 = Release|x86
	EndGlobalSection
	GlobalSection(SolutionProperties) = preSolution
		HideSolutionNode = FALSE
	EndGlobalSection
	GlobalSection(ProjectConfigurationPlatforms) = postSolution
		{15DDD0BC-C118-4CF0-8629-7247DAF76EF0}.Debug|Any CPU.ActiveCfg = Debug|Any CPU
		{15DDD0BC-C118-4CF0-8629-7247DAF76EF0}.Debug|Any CPU.Build.0 = Debug|Any CPU
		{15DDD0BC-C118-4CF0-8629-7247DAF76EF0}.Debug|x64.ActiveCfg = Debug|Any CPU
		{15DDD0BC-C118-4CF0-8629-7247DAF76EF0}.Debug|x64.Build.0 = Debug|Any CPU
		{15DDD0BC-C118-4CF0-8629-7247DAF76EF0}.Debug|x86.ActiveCfg = Debug|Any CPU
		{15DDD0BC-C118-4CF0-8629-7247DAF76EF0}.Debug|x86.Build.0 = Debug|Any CPU
		{15DDD0BC-C118-4CF0-8629-7247DAF76EF0}.Release|Any CPU.ActiveCfg = Release|Any CPU
		{15DDD0BC-C118-4CF0-8629-7247DAF76EF0}.Release|Any CPU.Build.0 = Release|Any CPU
		{15DDD0BC-C118-4CF0-8629-7247DAF76EF0}.Release|x64.ActiveCfg = Release|Any CPU
		{15DDD0BC-C118-4CF0-8629-7247DAF76EF0}.Release|x64.Build.0 = Release|Any CPU
		{15DDD0BC-C118-4CF0-8629-7247DAF76EF0}.Release|x86.ActiveCfg = Release|Any CPU
		{15DDD0BC-C118-4CF0-8629-7247DAF76EF0}.Release|x86.Build.0 = Release|Any CPU
		{70E04A8D-2EEE-47C6-929C-BC28E92A744C}.Debug|Any CPU.ActiveCfg = Debug|Any CPU
		{70E04A8D-2EEE-47C6-929C-BC28E92A744C}.Debug|Any CPU.Build.0 = Debug|Any CPU
		{70E04A8D-2EEE-47C6-929C-BC28E92A744C}.Debug|x64.ActiveCfg = Debug|Any CPU
		{70E04A8D-2EEE-47C6-929C-BC28E92A744C}.Debug|x64.Build.0 = Debug|Any CPU
		{70E04A8D-2EEE-47C6-929C-BC28E92A744C}.Debug|x86.ActiveCfg = Debug|Any CPU
		{70E04A8D-2EEE-47C6-929C-BC28E92A744C}.Debug|x86.Build.0 = Debug|Any CPU
		{70E04A8D-2EEE-47C6-929C-BC28E92A744C}.Release|Any CPU.ActiveCfg = Release|Any CPU
		{70E04A8D-2EEE-47C6-929C-BC28E92A744C}.Release|Any CPU.Build.0 = Release|Any CPU
		{70E04A8D-2EEE-47C6-929C-BC28E92A744C}.Release|x64.ActiveCfg = Release|Any CPU
		{70E04A8D-2EEE-47C6-929C-BC28E92A744C}.Release|x64.Build.0 = Release|Any CPU
		{70E04A8D-2EEE-47C6-929C-BC28E92A744C}.Release|x86.ActiveCfg = Release|Any CPU
		{70E04A8D-2EEE-47C6-929C-BC28E92A744C}.Release|x86.Build.0 = Release|Any CPU
	EndGlobalSection
EndGlobal
